// !$*UTF8*$!
{
	archiveVersion = 1;
	classes = {
	};
	objectVersion = 46;
	objects = {

/* Begin PBXBuildFile section */
		10506E0F1DD8EC4C00CACE04 /* BMCWebManager.swift in Sources */ = {isa = PBXBuildFile; fileRef = 10506E0E1DD8EC4C00CACE04 /* BMCWebManager.swift */; };
		108093D21DD48BCD00DF980B /* BMCHomeViewController.swift in Sources */ = {isa = PBXBuildFile; fileRef = 108093D01DD48BCD00DF980B /* BMCHomeViewController.swift */; };
		108093D31DD48BCD00DF980B /* BMCHomeViewController.xib in Resources */ = {isa = PBXBuildFile; fileRef = 108093D11DD48BCD00DF980B /* BMCHomeViewController.xib */; };
		108093D51DD48D7C00DF980B /* BMCDefaultViewController.swift in Sources */ = {isa = PBXBuildFile; fileRef = 108093D41DD48D7C00DF980B /* BMCDefaultViewController.swift */; };
		10BDB9CC1DDD00DE0076F62B /* BMTableViewCell.swift in Sources */ = {isa = PBXBuildFile; fileRef = 10BDB9CA1DDD00DE0076F62B /* BMTableViewCell.swift */; };
		10BDB9CD1DDD00DE0076F62B /* BMTableViewCell.xib in Resources */ = {isa = PBXBuildFile; fileRef = 10BDB9CB1DDD00DE0076F62B /* BMTableViewCell.xib */; };
		10BDB9CF1DDD01080076F62B /* evol.jpeg in Resources */ = {isa = PBXBuildFile; fileRef = 10BDB9CE1DDD01080076F62B /* evol.jpeg */; };
		10BDB9D21DDD069D0076F62B /* BMCMusic.swift in Sources */ = {isa = PBXBuildFile; fileRef = 10BDB9D11DDD069D0076F62B /* BMCMusic.swift */; };
		10BDB9D51DDD0AD70076F62B /* BMCMusicFactory.swift in Sources */ = {isa = PBXBuildFile; fileRef = 10BDB9D41DDD0AD70076F62B /* BMCMusicFactory.swift */; };
		10EE60ED1E11C5D400D71157 /* BlackMusicCenterTests.swift in Sources */ = {isa = PBXBuildFile; fileRef = 10EE60EC1E11C5D400D71157 /* BlackMusicCenterTests.swift */; };
		9D037CCC1DEC881400DA7D8E /* Play-50.png in Resources */ = {isa = PBXBuildFile; fileRef = 9D037CCB1DEC881400DA7D8E /* Play-50.png */; };
		9D39B9AC1DD341AA00BC069C /* AppDelegate.swift in Sources */ = {isa = PBXBuildFile; fileRef = 9D39B9AB1DD341AA00BC069C /* AppDelegate.swift */; };
		9D39B9B31DD341AA00BC069C /* Assets.xcassets in Resources */ = {isa = PBXBuildFile; fileRef = 9D39B9B21DD341AA00BC069C /* Assets.xcassets */; };
		9D39B9B61DD341AA00BC069C /* LaunchScreen.storyboard in Resources */ = {isa = PBXBuildFile; fileRef = 9D39B9B41DD341AA00BC069C /* LaunchScreen.storyboard */; };
		9DA36AB01DED73D300C31309 /* next-track-button.png in Resources */ = {isa = PBXBuildFile; fileRef = 9DA36AAE1DED73D300C31309 /* next-track-button.png */; };
		9DA36AB11DED73D300C31309 /* previous-track.png in Resources */ = {isa = PBXBuildFile; fileRef = 9DA36AAF1DED73D300C31309 /* previous-track.png */; };
		A954015CAA2EE30051C1C559 /* Pods_BlackMusicCenter.framework in Frameworks */ = {isa = PBXBuildFile; fileRef = 7490D730A1953F28804B5563 /* Pods_BlackMusicCenter.framework */; };
		F8894D21F8AE2AA8A69B32AF /* Pods_BlackMusicCenterTests.framework in Frameworks */ = {isa = PBXBuildFile; fileRef = C3B2760AFE28BC82D2FDE34C /* Pods_BlackMusicCenterTests.framework */; };
/* End PBXBuildFile section */

/* Begin PBXContainerItemProxy section */
		10EE60EF1E11C5D400D71157 /* PBXContainerItemProxy */ = {
			isa = PBXContainerItemProxy;
			containerPortal = 9D39B9A01DD341AA00BC069C /* Project object */;
			proxyType = 1;
			remoteGlobalIDString = 9D39B9A71DD341AA00BC069C;
			remoteInfo = BlackMusicCenter;
		};
/* End PBXContainerItemProxy section */

/* Begin PBXFileReference section */
		10506E0E1DD8EC4C00CACE04 /* BMCWebManager.swift */ = {isa = PBXFileReference; fileEncoding = 4; lastKnownFileType = sourcecode.swift; path = BMCWebManager.swift; sourceTree = "<group>"; };
		108093D01DD48BCD00DF980B /* BMCHomeViewController.swift */ = {isa = PBXFileReference; fileEncoding = 4; lastKnownFileType = sourcecode.swift; path = BMCHomeViewController.swift; sourceTree = "<group>"; };
		108093D11DD48BCD00DF980B /* BMCHomeViewController.xib */ = {isa = PBXFileReference; fileEncoding = 4; lastKnownFileType = file.xib; path = BMCHomeViewController.xib; sourceTree = "<group>"; };
		108093D41DD48D7C00DF980B /* BMCDefaultViewController.swift */ = {isa = PBXFileReference; fileEncoding = 4; lastKnownFileType = sourcecode.swift; path = BMCDefaultViewController.swift; sourceTree = "<group>"; };
		10BDB9CA1DDD00DE0076F62B /* BMTableViewCell.swift */ = {isa = PBXFileReference; fileEncoding = 4; lastKnownFileType = sourcecode.swift; path = BMTableViewCell.swift; sourceTree = "<group>"; };
		10BDB9CB1DDD00DE0076F62B /* BMTableViewCell.xib */ = {isa = PBXFileReference; fileEncoding = 4; lastKnownFileType = file.xib; path = BMTableViewCell.xib; sourceTree = "<group>"; };
		10BDB9CE1DDD01080076F62B /* evol.jpeg */ = {isa = PBXFileReference; lastKnownFileType = image.jpeg; path = evol.jpeg; sourceTree = "<group>"; };
		10BDB9D11DDD069D0076F62B /* BMCMusic.swift */ = {isa = PBXFileReference; fileEncoding = 4; lastKnownFileType = sourcecode.swift; path = BMCMusic.swift; sourceTree = "<group>"; };
		10BDB9D41DDD0AD70076F62B /* BMCMusicFactory.swift */ = {isa = PBXFileReference; fileEncoding = 4; lastKnownFileType = sourcecode.swift; path = BMCMusicFactory.swift; sourceTree = "<group>"; };
		10EE60EA1E11C5D400D71157 /* BlackMusicCenterTests.xctest */ = {isa = PBXFileReference; explicitFileType = wrapper.cfbundle; includeInIndex = 0; path = BlackMusicCenterTests.xctest; sourceTree = BUILT_PRODUCTS_DIR; };
		10EE60EC1E11C5D400D71157 /* BlackMusicCenterTests.swift */ = {isa = PBXFileReference; lastKnownFileType = sourcecode.swift; path = BlackMusicCenterTests.swift; sourceTree = "<group>"; };
		10EE60EE1E11C5D400D71157 /* Info.plist */ = {isa = PBXFileReference; lastKnownFileType = text.plist.xml; path = Info.plist; sourceTree = "<group>"; };
		5D074D60393AF4000CF96A72 /* Pods-BlackMusicCenterTests.debug.xcconfig */ = {isa = PBXFileReference; includeInIndex = 1; lastKnownFileType = text.xcconfig; name = "Pods-BlackMusicCenterTests.debug.xcconfig"; path = "Pods/Target Support Files/Pods-BlackMusicCenterTests/Pods-BlackMusicCenterTests.debug.xcconfig"; sourceTree = "<group>"; };
		7490D730A1953F28804B5563 /* Pods_BlackMusicCenter.framework */ = {isa = PBXFileReference; explicitFileType = wrapper.framework; includeInIndex = 0; path = Pods_BlackMusicCenter.framework; sourceTree = BUILT_PRODUCTS_DIR; };
		882B0DDEC58A5D9D85C95F2D /* Pods-BlackMusicCenter.debug.xcconfig */ = {isa = PBXFileReference; includeInIndex = 1; lastKnownFileType = text.xcconfig; name = "Pods-BlackMusicCenter.debug.xcconfig"; path = "Pods/Target Support Files/Pods-BlackMusicCenter/Pods-BlackMusicCenter.debug.xcconfig"; sourceTree = "<group>"; };
		8EACF73E13258E9A2911B2B6 /* Pods-BlackMusicCenter.release.xcconfig */ = {isa = PBXFileReference; includeInIndex = 1; lastKnownFileType = text.xcconfig; name = "Pods-BlackMusicCenter.release.xcconfig"; path = "Pods/Target Support Files/Pods-BlackMusicCenter/Pods-BlackMusicCenter.release.xcconfig"; sourceTree = "<group>"; };
		9D037CCB1DEC881400DA7D8E /* Play-50.png */ = {isa = PBXFileReference; lastKnownFileType = image.png; path = "Play-50.png"; sourceTree = "<group>"; };
		9D39B9A81DD341AA00BC069C /* BlackMusicCenter.app */ = {isa = PBXFileReference; explicitFileType = wrapper.application; includeInIndex = 0; path = BlackMusicCenter.app; sourceTree = BUILT_PRODUCTS_DIR; };
		9D39B9AB1DD341AA00BC069C /* AppDelegate.swift */ = {isa = PBXFileReference; lastKnownFileType = sourcecode.swift; path = AppDelegate.swift; sourceTree = "<group>"; };
		9D39B9B21DD341AA00BC069C /* Assets.xcassets */ = {isa = PBXFileReference; lastKnownFileType = folder.assetcatalog; path = Assets.xcassets; sourceTree = "<group>"; };
		9D39B9B51DD341AA00BC069C /* Base */ = {isa = PBXFileReference; lastKnownFileType = file.storyboard; name = Base; path = Base.lproj/LaunchScreen.storyboard; sourceTree = "<group>"; };
		9D39B9B71DD341AA00BC069C /* Info.plist */ = {isa = PBXFileReference; lastKnownFileType = text.plist.xml; path = Info.plist; sourceTree = "<group>"; };
		9DA36AAE1DED73D300C31309 /* next-track-button.png */ = {isa = PBXFileReference; lastKnownFileType = image.png; path = "next-track-button.png"; sourceTree = "<group>"; };
		9DA36AAF1DED73D300C31309 /* previous-track.png */ = {isa = PBXFileReference; lastKnownFileType = image.png; path = "previous-track.png"; sourceTree = "<group>"; };
		C3B2760AFE28BC82D2FDE34C /* Pods_BlackMusicCenterTests.framework */ = {isa = PBXFileReference; explicitFileType = wrapper.framework; includeInIndex = 0; path = Pods_BlackMusicCenterTests.framework; sourceTree = BUILT_PRODUCTS_DIR; };
		DB2717B0023E9FBB6ED30834 /* Pods-BlackMusicCenterTests.release.xcconfig */ = {isa = PBXFileReference; includeInIndex = 1; lastKnownFileType = text.xcconfig; name = "Pods-BlackMusicCenterTests.release.xcconfig"; path = "Pods/Target Support Files/Pods-BlackMusicCenterTests/Pods-BlackMusicCenterTests.release.xcconfig"; sourceTree = "<group>"; };
/* End PBXFileReference section */

/* Begin PBXFrameworksBuildPhase section */
		10EE60E71E11C5D400D71157 /* Frameworks */ = {
			isa = PBXFrameworksBuildPhase;
			buildActionMask = 2147483647;
			files = (
				F8894D21F8AE2AA8A69B32AF /* Pods_BlackMusicCenterTests.framework in Frameworks */,
			);
			runOnlyForDeploymentPostprocessing = 0;
		};
		9D39B9A51DD341AA00BC069C /* Frameworks */ = {
			isa = PBXFrameworksBuildPhase;
			buildActionMask = 2147483647;
			files = (
				A954015CAA2EE30051C1C559 /* Pods_BlackMusicCenter.framework in Frameworks */,
			);
			runOnlyForDeploymentPostprocessing = 0;
		};
/* End PBXFrameworksBuildPhase section */

/* Begin PBXGroup section */
		10506E0D1DD8EBB700CACE04 /* Manager */ = {
			isa = PBXGroup;
			children = (
				10506E0E1DD8EC4C00CACE04 /* BMCWebManager.swift */,
			);
			path = Manager;
			sourceTree = "<group>";
		};
		108093CF1DD48B8A00DF980B /* Views */ = {
			isa = PBXGroup;
			children = (
				108093D41DD48D7C00DF980B /* BMCDefaultViewController.swift */,
				108093D01DD48BCD00DF980B /* BMCHomeViewController.swift */,
				108093D11DD48BCD00DF980B /* BMCHomeViewController.xib */,
			);
			path = Views;
			sourceTree = "<group>";
		};
		10BDB9C81DDD00DE0076F62B /* Components */ = {
			isa = PBXGroup;
			children = (
				10BDB9C91DDD00DE0076F62B /* TableViewCell */,
			);
			path = Components;
			sourceTree = "<group>";
		};
		10BDB9C91DDD00DE0076F62B /* TableViewCell */ = {
			isa = PBXGroup;
			children = (
				10BDB9CA1DDD00DE0076F62B /* BMTableViewCell.swift */,
				10BDB9CB1DDD00DE0076F62B /* BMTableViewCell.xib */,
			);
			path = TableViewCell;
			sourceTree = "<group>";
		};
		10BDB9D01DDD068B0076F62B /* Models */ = {
			isa = PBXGroup;
			children = (
				10BDB9D11DDD069D0076F62B /* BMCMusic.swift */,
			);
			path = Models;
			sourceTree = "<group>";
		};
		10BDB9D31DDD0AC90076F62B /* Factory */ = {
			isa = PBXGroup;
			children = (
				10BDB9D41DDD0AD70076F62B /* BMCMusicFactory.swift */,
			);
			path = Factory;
			sourceTree = "<group>";
		};
		10EE60EB1E11C5D400D71157 /* BlackMusicCenterTests */ = {
			isa = PBXGroup;
			children = (
				10EE60EC1E11C5D400D71157 /* BlackMusicCenterTests.swift */,
				10EE60EE1E11C5D400D71157 /* Info.plist */,
			);
			path = BlackMusicCenterTests;
			sourceTree = "<group>";
		};
		24D35044086D5FA966047828 /* Frameworks */ = {
			isa = PBXGroup;
			children = (
				7490D730A1953F28804B5563 /* Pods_BlackMusicCenter.framework */,
				C3B2760AFE28BC82D2FDE34C /* Pods_BlackMusicCenterTests.framework */,
			);
			name = Frameworks;
			sourceTree = "<group>";
		};
		9D037CCA1DEC87FB00DA7D8E /* images */ = {
			isa = PBXGroup;
			children = (
				9DA36AAE1DED73D300C31309 /* next-track-button.png */,
				9DA36AAF1DED73D300C31309 /* previous-track.png */,
				9D037CCB1DEC881400DA7D8E /* Play-50.png */,
			);
			name = images;
			sourceTree = "<group>";
		};
		9D39B99F1DD341AA00BC069C = {
			isa = PBXGroup;
			children = (
				9D39B9AA1DD341AA00BC069C /* BlackMusicCenter */,
				10EE60EB1E11C5D400D71157 /* BlackMusicCenterTests */,
				9D39B9A91DD341AA00BC069C /* Products */,
				E60CD08907BBFA37EBCCA88E /* Pods */,
				24D35044086D5FA966047828 /* Frameworks */,
			);
			sourceTree = "<group>";
		};
		9D39B9A91DD341AA00BC069C /* Products */ = {
			isa = PBXGroup;
			children = (
				9D39B9A81DD341AA00BC069C /* BlackMusicCenter.app */,
				10EE60EA1E11C5D400D71157 /* BlackMusicCenterTests.xctest */,
			);
			name = Products;
			sourceTree = "<group>";
		};
		9D39B9AA1DD341AA00BC069C /* BlackMusicCenter */ = {
			isa = PBXGroup;
			children = (
				9D037CCA1DEC87FB00DA7D8E /* images */,
				10BDB9C81DDD00DE0076F62B /* Components */,
				10BDB9D31DDD0AC90076F62B /* Factory */,
				10506E0D1DD8EBB700CACE04 /* Manager */,
				10BDB9D01DDD068B0076F62B /* Models */,
				108093CF1DD48B8A00DF980B /* Views */,
				10BDB9CE1DDD01080076F62B /* evol.jpeg */,
				9D39B9AB1DD341AA00BC069C /* AppDelegate.swift */,
				9D39B9B21DD341AA00BC069C /* Assets.xcassets */,
				9D39B9B41DD341AA00BC069C /* LaunchScreen.storyboard */,
				9D39B9B71DD341AA00BC069C /* Info.plist */,
			);
			path = BlackMusicCenter;
			sourceTree = "<group>";
		};
		E60CD08907BBFA37EBCCA88E /* Pods */ = {
			isa = PBXGroup;
			children = (
				882B0DDEC58A5D9D85C95F2D /* Pods-BlackMusicCenter.debug.xcconfig */,
				8EACF73E13258E9A2911B2B6 /* Pods-BlackMusicCenter.release.xcconfig */,
				5D074D60393AF4000CF96A72 /* Pods-BlackMusicCenterTests.debug.xcconfig */,
				DB2717B0023E9FBB6ED30834 /* Pods-BlackMusicCenterTests.release.xcconfig */,
			);
			name = Pods;
			sourceTree = "<group>";
		};
/* End PBXGroup section */

/* Begin PBXNativeTarget section */
		10EE60E91E11C5D400D71157 /* BlackMusicCenterTests */ = {
			isa = PBXNativeTarget;
			buildConfigurationList = 10EE60F31E11C5D400D71157 /* Build configuration list for PBXNativeTarget "BlackMusicCenterTests" */;
			buildPhases = (
				E0642263882300FDDEA16869 /* [CP] Check Pods Manifest.lock */,
				10EE60E61E11C5D400D71157 /* Sources */,
				10EE60E71E11C5D400D71157 /* Frameworks */,
				10EE60E81E11C5D400D71157 /* Resources */,
				C72C70759FDDC5536DD964BB /* [CP] Embed Pods Frameworks */,
				21B4796D6016AF7FDB8214EF /* [CP] Copy Pods Resources */,
			);
			buildRules = (
			);
			dependencies = (
				10EE60F01E11C5D400D71157 /* PBXTargetDependency */,
			);
			name = BlackMusicCenterTests;
			productName = BlackMusicCenterTests;
			productReference = 10EE60EA1E11C5D400D71157 /* BlackMusicCenterTests.xctest */;
			productType = "com.apple.product-type.bundle.unit-test";
		};
		9D39B9A71DD341AA00BC069C /* BlackMusicCenter */ = {
			isa = PBXNativeTarget;
			buildConfigurationList = 9D39B9BA1DD341AA00BC069C /* Build configuration list for PBXNativeTarget "BlackMusicCenter" */;
			buildPhases = (
				254DBEE886D71A8D69587CAB /* [CP] Check Pods Manifest.lock */,
				9D39B9A41DD341AA00BC069C /* Sources */,
				9D39B9A51DD341AA00BC069C /* Frameworks */,
				9D39B9A61DD341AA00BC069C /* Resources */,
				12C16481202313423942FA93 /* [CP] Embed Pods Frameworks */,
				2EAE55E823B4E37A73297900 /* [CP] Copy Pods Resources */,
			);
			buildRules = (
			);
			dependencies = (
			);
			name = BlackMusicCenter;
			productName = BlackMusicCenter;
			productReference = 9D39B9A81DD341AA00BC069C /* BlackMusicCenter.app */;
			productType = "com.apple.product-type.application";
		};
/* End PBXNativeTarget section */

/* Begin PBXProject section */
		9D39B9A01DD341AA00BC069C /* Project object */ = {
			isa = PBXProject;
			attributes = {
				LastSwiftUpdateCheck = 0800;
				LastUpgradeCheck = 0810;
				ORGANIZATIONNAME = Manouana;
				TargetAttributes = {
					10EE60E91E11C5D400D71157 = {
						CreatedOnToolsVersion = 8.0;
						ProvisioningStyle = Automatic;
						TestTargetID = 9D39B9A71DD341AA00BC069C;
					};
					9D39B9A71DD341AA00BC069C = {
						CreatedOnToolsVersion = 8.1;
						DevelopmentTeam = Q2G63B87TD;
						ProvisioningStyle = Automatic;
					};
				};
			};
			buildConfigurationList = 9D39B9A31DD341AA00BC069C /* Build configuration list for PBXProject "BlackMusicCenter" */;
			compatibilityVersion = "Xcode 3.2";
			developmentRegion = English;
			hasScannedForEncodings = 0;
			knownRegions = (
				en,
				Base,
			);
			mainGroup = 9D39B99F1DD341AA00BC069C;
			productRefGroup = 9D39B9A91DD341AA00BC069C /* Products */;
			projectDirPath = "";
			projectRoot = "";
			targets = (
				9D39B9A71DD341AA00BC069C /* BlackMusicCenter */,
				10EE60E91E11C5D400D71157 /* BlackMusicCenterTests */,
			);
		};
/* End PBXProject section */

/* Begin PBXResourcesBuildPhase section */
		10EE60E81E11C5D400D71157 /* Resources */ = {
			isa = PBXResourcesBuildPhase;
			buildActionMask = 2147483647;
			files = (
			);
			runOnlyForDeploymentPostprocessing = 0;
		};
		9D39B9A61DD341AA00BC069C /* Resources */ = {
			isa = PBXResourcesBuildPhase;
			buildActionMask = 2147483647;
			files = (
				9D39B9B61DD341AA00BC069C /* LaunchScreen.storyboard in Resources */,
				9D39B9B31DD341AA00BC069C /* Assets.xcassets in Resources */,
				9D037CCC1DEC881400DA7D8E /* Play-50.png in Resources */,
				10BDB9CF1DDD01080076F62B /* evol.jpeg in Resources */,
				9DA36AB11DED73D300C31309 /* previous-track.png in Resources */,
				10BDB9CD1DDD00DE0076F62B /* BMTableViewCell.xib in Resources */,
				9DA36AB01DED73D300C31309 /* next-track-button.png in Resources */,
				108093D31DD48BCD00DF980B /* BMCHomeViewController.xib in Resources */,
			);
			runOnlyForDeploymentPostprocessing = 0;
		};
/* End PBXResourcesBuildPhase section */

/* Begin PBXShellScriptBuildPhase section */
		12C16481202313423942FA93 /* [CP] Embed Pods Frameworks */ = {
			isa = PBXShellScriptBuildPhase;
			buildActionMask = 2147483647;
			files = (
			);
			inputPaths = (
			);
			name = "[CP] Embed Pods Frameworks";
			outputPaths = (
			);
			runOnlyForDeploymentPostprocessing = 0;
			shellPath = /bin/sh;
			shellScript = "\"${SRCROOT}/Pods/Target Support Files/Pods-BlackMusicCenter/Pods-BlackMusicCenter-frameworks.sh\"\n";
			showEnvVarsInLog = 0;
		};
		21B4796D6016AF7FDB8214EF /* [CP] Copy Pods Resources */ = {
			isa = PBXShellScriptBuildPhase;
			buildActionMask = 2147483647;
			files = (
			);
			inputPaths = (
			);
			name = "[CP] Copy Pods Resources";
			outputPaths = (
			);
			runOnlyForDeploymentPostprocessing = 0;
			shellPath = /bin/sh;
			shellScript = "\"${SRCROOT}/Pods/Target Support Files/Pods-BlackMusicCenterTests/Pods-BlackMusicCenterTests-resources.sh\"\n";
			showEnvVarsInLog = 0;
		};
		254DBEE886D71A8D69587CAB /* [CP] Check Pods Manifest.lock */ = {
			isa = PBXShellScriptBuildPhase;
			buildActionMask = 2147483647;
			files = (
			);
			inputPaths = (
			);
			name = "[CP] Check Pods Manifest.lock";
			outputPaths = (
			);
			runOnlyForDeploymentPostprocessing = 0;
			shellPath = /bin/sh;
			shellScript = "diff \"${PODS_ROOT}/../Podfile.lock\" \"${PODS_ROOT}/Manifest.lock\" > /dev/null\nif [ $? != 0 ] ; then\n    # print error to STDERR\n    echo \"error: The sandbox is not in sync with the Podfile.lock. Run 'pod install' or update your CocoaPods installation.\" >&2\n    exit 1\nfi\n";
			showEnvVarsInLog = 0;
		};
		2EAE55E823B4E37A73297900 /* [CP] Copy Pods Resources */ = {
			isa = PBXShellScriptBuildPhase;
			buildActionMask = 2147483647;
			files = (
			);
			inputPaths = (
			);
			name = "[CP] Copy Pods Resources";
			outputPaths = (
			);
			runOnlyForDeploymentPostprocessing = 0;
			shellPath = /bin/sh;
			shellScript = "\"${SRCROOT}/Pods/Target Support Files/Pods-BlackMusicCenter/Pods-BlackMusicCenter-resources.sh\"\n";
			showEnvVarsInLog = 0;
		};
		C72C70759FDDC5536DD964BB /* [CP] Embed Pods Frameworks */ = {
			isa = PBXShellScriptBuildPhase;
			buildActionMask = 2147483647;
			files = (
			);
			inputPaths = (
			);
			name = "[CP] Embed Pods Frameworks";
			outputPaths = (
			);
			runOnlyForDeploymentPostprocessing = 0;
			shellPath = /bin/sh;
			shellScript = "\"${SRCROOT}/Pods/Target Support Files/Pods-BlackMusicCenterTests/Pods-BlackMusicCenterTests-frameworks.sh\"\n";
			showEnvVarsInLog = 0;
		};
		E0642263882300FDDEA16869 /* [CP] Check Pods Manifest.lock */ = {
			isa = PBXShellScriptBuildPhase;
			buildActionMask = 2147483647;
			files = (
			);
			inputPaths = (
			);
			name = "[CP] Check Pods Manifest.lock";
			outputPaths = (
			);
			runOnlyForDeploymentPostprocessing = 0;
			shellPath = /bin/sh;
			shellScript = "diff \"${PODS_ROOT}/../Podfile.lock\" \"${PODS_ROOT}/Manifest.lock\" > /dev/null\nif [ $? != 0 ] ; then\n    # print error to STDERR\n    echo \"error: The sandbox is not in sync with the Podfile.lock. Run 'pod install' or update your CocoaPods installation.\" >&2\n    exit 1\nfi\n";
			showEnvVarsInLog = 0;
		};
/* End PBXShellScriptBuildPhase section */

/* Begin PBXSourcesBuildPhase section */
		10EE60E61E11C5D400D71157 /* Sources */ = {
			isa = PBXSourcesBuildPhase;
			buildActionMask = 2147483647;
			files = (
				10EE60ED1E11C5D400D71157 /* BlackMusicCenterTests.swift in Sources */,
			);
			runOnlyForDeploymentPostprocessing = 0;
		};
		9D39B9A41DD341AA00BC069C /* Sources */ = {
			isa = PBXSourcesBuildPhase;
			buildActionMask = 2147483647;
			files = (
				10BDB9D21DDD069D0076F62B /* BMCMusic.swift in Sources */,
				108093D21DD48BCD00DF980B /* BMCHomeViewController.swift in Sources */,
				108093D51DD48D7C00DF980B /* BMCDefaultViewController.swift in Sources */,
				10BDB9CC1DDD00DE0076F62B /* BMTableViewCell.swift in Sources */,
				10BDB9D51DDD0AD70076F62B /* BMCMusicFactory.swift in Sources */,
				10506E0F1DD8EC4C00CACE04 /* BMCWebManager.swift in Sources */,
				9D39B9AC1DD341AA00BC069C /* AppDelegate.swift in Sources */,
			);
			runOnlyForDeploymentPostprocessing = 0;
		};
/* End PBXSourcesBuildPhase section */

/* Begin PBXTargetDependency section */
		10EE60F01E11C5D400D71157 /* PBXTargetDependency */ = {
			isa = PBXTargetDependency;
			target = 9D39B9A71DD341AA00BC069C /* BlackMusicCenter */;
			targetProxy = 10EE60EF1E11C5D400D71157 /* PBXContainerItemProxy */;
		};
/* End PBXTargetDependency section */

/* Begin PBXVariantGroup section */
		9D39B9B41DD341AA00BC069C /* LaunchScreen.storyboard */ = {
			isa = PBXVariantGroup;
			children = (
				9D39B9B51DD341AA00BC069C /* Base */,
			);
			name = LaunchScreen.storyboard;
			sourceTree = "<group>";
		};
/* End PBXVariantGroup section */

/* Begin XCBuildConfiguration section */
		10EE60F11E11C5D400D71157 /* Debug */ = {
			isa = XCBuildConfiguration;
			baseConfigurationReference = 5D074D60393AF4000CF96A72 /* Pods-BlackMusicCenterTests.debug.xcconfig */;
			buildSettings = {
				BUNDLE_LOADER = "$(TEST_HOST)";
				INFOPLIST_FILE = BlackMusicCenterTests/Info.plist;
				IPHONEOS_DEPLOYMENT_TARGET = 10.0;
				LD_RUNPATH_SEARCH_PATHS = "$(inherited) @executable_path/Frameworks @loader_path/Frameworks";
				PRODUCT_BUNDLE_IDENTIFIER = nicolas.paradise.fr.BlackMusicCenterTests;
				PRODUCT_NAME = "$(TARGET_NAME)";
				SWIFT_VERSION = 3.0;
				TEST_HOST = "$(BUILT_PRODUCTS_DIR)/BlackMusicCenter.app/BlackMusicCenter";
			};
			name = Debug;
		};
		10EE60F21E11C5D400D71157 /* Release */ = {
			isa = XCBuildConfiguration;
			baseConfigurationReference = DB2717B0023E9FBB6ED30834 /* Pods-BlackMusicCenterTests.release.xcconfig */;
			buildSettings = {
				BUNDLE_LOADER = "$(TEST_HOST)";
				INFOPLIST_FILE = BlackMusicCenterTests/Info.plist;
				IPHONEOS_DEPLOYMENT_TARGET = 10.0;
				LD_RUNPATH_SEARCH_PATHS = "$(inherited) @executable_path/Frameworks @loader_path/Frameworks";
				PRODUCT_BUNDLE_IDENTIFIER = nicolas.paradise.fr.BlackMusicCenterTests;
				PRODUCT_NAME = "$(TARGET_NAME)";
				SWIFT_VERSION = 3.0;
				TEST_HOST = "$(BUILT_PRODUCTS_DIR)/BlackMusicCenter.app/BlackMusicCenter";
			};
			name = Release;
		};
		9D39B9B81DD341AA00BC069C /* Debug */ = {
			isa = XCBuildConfiguration;
			buildSettings = {
				ALWAYS_SEARCH_USER_PATHS = NO;
				CLANG_ANALYZER_NONNULL = YES;
				CLANG_CXX_LANGUAGE_STANDARD = "gnu++0x";
				CLANG_CXX_LIBRARY = "libc++";
				CLANG_ENABLE_MODULES = YES;
				CLANG_ENABLE_OBJC_ARC = YES;
				CLANG_WARN_BOOL_CONVERSION = YES;
				CLANG_WARN_CONSTANT_CONVERSION = YES;
				CLANG_WARN_DIRECT_OBJC_ISA_USAGE = YES_ERROR;
				CLANG_WARN_DOCUMENTATION_COMMENTS = YES;
				CLANG_WARN_EMPTY_BODY = YES;
				CLANG_WARN_ENUM_CONVERSION = YES;
				CLANG_WARN_INFINITE_RECURSION = YES;
				CLANG_WARN_INT_CONVERSION = YES;
				CLANG_WARN_OBJC_ROOT_CLASS = YES_ERROR;
				CLANG_WARN_SUSPICIOUS_MOVE = YES;
				CLANG_WARN_SUSPICIOUS_MOVES = YES;
				CLANG_WARN_UNREACHABLE_CODE = YES;
				CLANG_WARN__DUPLICATE_METHOD_MATCH = YES;
				"CODE_SIGN_IDENTITY[sdk=iphoneos*]" = "iPhone Developer";
				COPY_PHASE_STRIP = NO;
				DEBUG_INFORMATION_FORMAT = dwarf;
				ENABLE_STRICT_OBJC_MSGSEND = YES;
				ENABLE_TESTABILITY = YES;
				GCC_C_LANGUAGE_STANDARD = gnu99;
				GCC_DYNAMIC_NO_PIC = NO;
				GCC_NO_COMMON_BLOCKS = YES;
				GCC_OPTIMIZATION_LEVEL = 0;
				GCC_PREPROCESSOR_DEFINITIONS = (
					"DEBUG=1",
					"$(inherited)",
				);
				GCC_WARN_64_TO_32_BIT_CONVERSION = YES;
				GCC_WARN_ABOUT_RETURN_TYPE = YES_ERROR;
				GCC_WARN_UNDECLARED_SELECTOR = YES;
				GCC_WARN_UNINITIALIZED_AUTOS = YES_AGGRESSIVE;
				GCC_WARN_UNUSED_FUNCTION = YES;
				GCC_WARN_UNUSED_VARIABLE = YES;
				IPHONEOS_DEPLOYMENT_TARGET = 10.1;
				MTL_ENABLE_DEBUG_INFO = YES;
				ONLY_ACTIVE_ARCH = YES;
				SDKROOT = iphoneos;
				SWIFT_ACTIVE_COMPILATION_CONDITIONS = DEBUG;
				SWIFT_OPTIMIZATION_LEVEL = "-Onone";
				TARGETED_DEVICE_FAMILY = "1,2";
			};
			name = Debug;
		};
		9D39B9B91DD341AA00BC069C /* Release */ = {
			isa = XCBuildConfiguration;
			buildSettings = {
				ALWAYS_SEARCH_USER_PATHS = NO;
				CLANG_ANALYZER_NONNULL = YES;
				CLANG_CXX_LANGUAGE_STANDARD = "gnu++0x";
				CLANG_CXX_LIBRARY = "libc++";
				CLANG_ENABLE_MODULES = YES;
				CLANG_ENABLE_OBJC_ARC = YES;
				CLANG_WARN_BOOL_CONVERSION = YES;
				CLANG_WARN_CONSTANT_CONVERSION = YES;
				CLANG_WARN_DIRECT_OBJC_ISA_USAGE = YES_ERROR;
				CLANG_WARN_DOCUMENTATION_COMMENTS = YES;
				CLANG_WARN_EMPTY_BODY = YES;
				CLANG_WARN_ENUM_CONVERSION = YES;
				CLANG_WARN_INFINITE_RECURSION = YES;
				CLANG_WARN_INT_CONVERSION = YES;
				CLANG_WARN_OBJC_ROOT_CLASS = YES_ERROR;
				CLANG_WARN_SUSPICIOUS_MOVE = YES;
				CLANG_WARN_SUSPICIOUS_MOVES = YES;
				CLANG_WARN_UNREACHABLE_CODE = YES;
				CLANG_WARN__DUPLICATE_METHOD_MATCH = YES;
				"CODE_SIGN_IDENTITY[sdk=iphoneos*]" = "iPhone Developer";
				COPY_PHASE_STRIP = NO;
				DEBUG_INFORMATION_FORMAT = "dwarf-with-dsym";
				ENABLE_NS_ASSERTIONS = NO;
				ENABLE_STRICT_OBJC_MSGSEND = YES;
				GCC_C_LANGUAGE_STANDARD = gnu99;
				GCC_NO_COMMON_BLOCKS = YES;
				GCC_WARN_64_TO_32_BIT_CONVERSION = YES;
				GCC_WARN_ABOUT_RETURN_TYPE = YES_ERROR;
				GCC_WARN_UNDECLARED_SELECTOR = YES;
				GCC_WARN_UNINITIALIZED_AUTOS = YES_AGGRESSIVE;
				GCC_WARN_UNUSED_FUNCTION = YES;
				GCC_WARN_UNUSED_VARIABLE = YES;
				IPHONEOS_DEPLOYMENT_TARGET = 10.1;
				MTL_ENABLE_DEBUG_INFO = NO;
				SDKROOT = iphoneos;
				SWIFT_OPTIMIZATION_LEVEL = "-Owholemodule";
				TARGETED_DEVICE_FAMILY = "1,2";
				VALIDATE_PRODUCT = YES;
			};
			name = Release;
		};
		9D39B9BB1DD341AA00BC069C /* Debug */ = {
			isa = XCBuildConfiguration;
			baseConfigurationReference = 882B0DDEC58A5D9D85C95F2D /* Pods-BlackMusicCenter.debug.xcconfig */;
			buildSettings = {
				ALWAYS_EMBED_SWIFT_STANDARD_LIBRARIES = YES;
				ASSETCATALOG_COMPILER_APPICON_NAME = AppIcon;
				CODE_SIGN_IDENTITY = "iPhone Distribution";
				DEVELOPMENT_TEAM = Q2G63B87TD;
				ENABLE_TESTABILITY = YES;
				INFOPLIST_FILE = BlackMusicCenter/Info.plist;
				IPHONEOS_DEPLOYMENT_TARGET = 10.0;
				LD_RUNPATH_SEARCH_PATHS = "$(inherited) @executable_path/Frameworks";
				PRODUCT_BUNDLE_IDENTIFIER = christopher.BlackMusicCenter;
				PRODUCT_NAME = "$(TARGET_NAME)";
				SWIFT_VERSION = 3.0;
				TARGETED_DEVICE_FAMILY = 1;
			};
			name = Debug;
		};
		9D39B9BC1DD341AA00BC069C /* Release */ = {
			isa = XCBuildConfiguration;
			baseConfigurationReference = 8EACF73E13258E9A2911B2B6 /* Pods-BlackMusicCenter.release.xcconfig */;
			buildSettings = {
				ALWAYS_EMBED_SWIFT_STANDARD_LIBRARIES = YES;
				ASSETCATALOG_COMPILER_APPICON_NAME = AppIcon;
				CODE_SIGN_IDENTITY = "iPhone Distribution";
				DEVELOPMENT_TEAM = Q2G63B87TD;
				ENABLE_TESTABILITY = YES;
				INFOPLIST_FILE = BlackMusicCenter/Info.plist;
				IPHONEOS_DEPLOYMENT_TARGET = 10.0;
				LD_RUNPATH_SEARCH_PATHS = "$(inherited) @executable_path/Frameworks";
				PRODUCT_BUNDLE_IDENTIFIER = christopher.BlackMusicCenter;
				PRODUCT_NAME = "$(TARGET_NAME)";
				SWIFT_VERSION = 3.0;
				TARGETED_DEVICE_FAMILY = 1;
			};
			name = Release;
		};
/* End XCBuildConfiguration section */

/* Begin XCConfigurationList section */
		10EE60F31E11C5D400D71157 /* Build configuration list for PBXNativeTarget "BlackMusicCenterTests" */ = {
			isa = XCConfigurationList;
			buildConfigurations = (
				10EE60F11E11C5D400D71157 /* Debug */,
				10EE60F21E11C5D400D71157 /* Release */,
			);
			defaultConfigurationIsVisible = 0;
			defaultConfigurationName = Release;
		};
		9D39B9A31DD341AA00BC069C /* Build configuration list for PBXProject "BlackMusicCenter" */ = {
			isa = XCConfigurationList;
			buildConfigurations = (
				9D39B9B81DD341AA00BC069C /* Debug */,
				9D39B9B91DD341AA00BC069C /* Release */,
			);
			defaultConfigurationIsVisible = 0;
			defaultConfigurationName = Release;
		};
		9D39B9BA1DD341AA00BC069C /* Build configuration list for PBXNativeTarget "BlackMusicCenter" */ = {
			isa = XCConfigurationList;
			buildConfigurations = (
				9D39B9BB1DD341AA00BC069C /* Debug */,
				9D39B9BC1DD341AA00BC069C /* Release */,
			);
			defaultConfigurationIsVisible = 0;
			defaultConfigurationName = Release;
		};
/* End XCConfigurationList section */
	};
	rootObject = 9D39B9A01DD341AA00BC069C /* Project object */;
}
