// !$*UTF8*$!
{
	archiveVersion = 1;
	classes = {
	};
	objectVersion = 46;
	objects = {

/* Begin PBXBuildFile section */
		108093D21DD48BCD00DF980B /* BMCHomeViewController.swift in Sources */ = {isa = PBXBuildFile; fileRef = 108093D01DD48BCD00DF980B /* BMCHomeViewController.swift */; };
		108093D31DD48BCD00DF980B /* BMCHomeViewController.xib in Resources */ = {isa = PBXBuildFile; fileRef = 108093D11DD48BCD00DF980B /* BMCHomeViewController.xib */; };
		108093D51DD48D7C00DF980B /* BMCDefaultViewController.swift in Sources */ = {isa = PBXBuildFile; fileRef = 108093D41DD48D7C00DF980B /* BMCDefaultViewController.swift */; };
		9D39B9AC1DD341AA00BC069C /* AppDelegate.swift in Sources */ = {isa = PBXBuildFile; fileRef = 9D39B9AB1DD341AA00BC069C /* AppDelegate.swift */; };
		9D39B9B31DD341AA00BC069C /* Assets.xcassets in Resources */ = {isa = PBXBuildFile; fileRef = 9D39B9B21DD341AA00BC069C /* Assets.xcassets */; };
		9D39B9B61DD341AA00BC069C /* LaunchScreen.storyboard in Resources */ = {isa = PBXBuildFile; fileRef = 9D39B9B41DD341AA00BC069C /* LaunchScreen.storyboard */; };
		9DBEA6EF1DD73EAC007BF50D /* BMTableViewCell.swift in Sources */ = {isa = PBXBuildFile; fileRef = 9DBEA6ED1DD73EAC007BF50D /* BMTableViewCell.swift */; };
		9DBEA6F01DD73EAC007BF50D /* BMTableViewCell.xib in Resources */ = {isa = PBXBuildFile; fileRef = 9DBEA6EE1DD73EAC007BF50D /* BMTableViewCell.xib */; };
		A954015CAA2EE30051C1C559 /* Pods_BlackMusicCenter.framework in Frameworks */ = {isa = PBXBuildFile; fileRef = 7490D730A1953F28804B5563 /* Pods_BlackMusicCenter.framework */; };
/* End PBXBuildFile section */

/* Begin PBXFileReference section */
		108093D01DD48BCD00DF980B /* BMCHomeViewController.swift */ = {isa = PBXFileReference; fileEncoding = 4; lastKnownFileType = sourcecode.swift; path = BMCHomeViewController.swift; sourceTree = "<group>"; };
		108093D11DD48BCD00DF980B /* BMCHomeViewController.xib */ = {isa = PBXFileReference; fileEncoding = 4; lastKnownFileType = file.xib; path = BMCHomeViewController.xib; sourceTree = "<group>"; };
		108093D41DD48D7C00DF980B /* BMCDefaultViewController.swift */ = {isa = PBXFileReference; fileEncoding = 4; lastKnownFileType = sourcecode.swift; path = BMCDefaultViewController.swift; sourceTree = "<group>"; };
		7490D730A1953F28804B5563 /* Pods_BlackMusicCenter.framework */ = {isa = PBXFileReference; explicitFileType = wrapper.framework; includeInIndex = 0; path = Pods_BlackMusicCenter.framework; sourceTree = BUILT_PRODUCTS_DIR; };
		882B0DDEC58A5D9D85C95F2D /* Pods-BlackMusicCenter.debug.xcconfig */ = {isa = PBXFileReference; includeInIndex = 1; lastKnownFileType = text.xcconfig; name = "Pods-BlackMusicCenter.debug.xcconfig"; path = "Pods/Target Support Files/Pods-BlackMusicCenter/Pods-BlackMusicCenter.debug.xcconfig"; sourceTree = "<group>"; };
		8EACF73E13258E9A2911B2B6 /* Pods-BlackMusicCenter.release.xcconfig */ = {isa = PBXFileReference; includeInIndex = 1; lastKnownFileType = text.xcconfig; name = "Pods-BlackMusicCenter.release.xcconfig"; path = "Pods/Target Support Files/Pods-BlackMusicCenter/Pods-BlackMusicCenter.release.xcconfig"; sourceTree = "<group>"; };
		9D39B9A81DD341AA00BC069C /* BlackMusicCenter.app */ = {isa = PBXFileReference; explicitFileType = wrapper.application; includeInIndex = 0; path = BlackMusicCenter.app; sourceTree = BUILT_PRODUCTS_DIR; };
		9D39B9AB1DD341AA00BC069C /* AppDelegate.swift */ = {isa = PBXFileReference; lastKnownFileType = sourcecode.swift; path = AppDelegate.swift; sourceTree = "<group>"; };
		9D39B9B21DD341AA00BC069C /* Assets.xcassets */ = {isa = PBXFileReference; lastKnownFileType = folder.assetcatalog; path = Assets.xcassets; sourceTree = "<group>"; };
		9D39B9B51DD341AA00BC069C /* Base */ = {isa = PBXFileReference; lastKnownFileType = file.storyboard; name = Base; path = Base.lproj/LaunchScreen.storyboard; sourceTree = "<group>"; };
		9D39B9B71DD341AA00BC069C /* Info.plist */ = {isa = PBXFileReference; lastKnownFileType = text.plist.xml; path = Info.plist; sourceTree = "<group>"; };
		9DBEA6ED1DD73EAC007BF50D /* BMTableViewCell.swift */ = {isa = PBXFileReference; fileEncoding = 4; lastKnownFileType = sourcecode.swift; path = BMTableViewCell.swift; sourceTree = "<group>"; };
		9DBEA6EE1DD73EAC007BF50D /* BMTableViewCell.xib */ = {isa = PBXFileReference; fileEncoding = 4; lastKnownFileType = file.xib; path = BMTableViewCell.xib; sourceTree = "<group>"; };
/* End PBXFileReference section */

/* Begin PBXFrameworksBuildPhase section */
		9D39B9A51DD341AA00BC069C /* Frameworks */ = {
			isa = PBXFrameworksBuildPhase;
			buildActionMask = 2147483647;
			files = (
				A954015CAA2EE30051C1C559 /* Pods_BlackMusicCenter.framework in Frameworks */,
			);
			runOnlyForDeploymentPostprocessing = 0;
		};
/* End PBXFrameworksBuildPhase section */

/* Begin PBXGroup section */
		108093CF1DD48B8A00DF980B /* Views */ = {
			isa = PBXGroup;
			children = (
				108093D41DD48D7C00DF980B /* BMCDefaultViewController.swift */,
				108093D01DD48BCD00DF980B /* BMCHomeViewController.swift */,
				108093D11DD48BCD00DF980B /* BMCHomeViewController.xib */,
			);
			path = Views;
			sourceTree = "<group>";
		};
		24D35044086D5FA966047828 /* Frameworks */ = {
			isa = PBXGroup;
			children = (
				7490D730A1953F28804B5563 /* Pods_BlackMusicCenter.framework */,
			);
			name = Frameworks;
			sourceTree = "<group>";
		};
		9D39B99F1DD341AA00BC069C = {
			isa = PBXGroup;
			children = (
				9D39B9AA1DD341AA00BC069C /* BlackMusicCenter */,
				9D39B9A91DD341AA00BC069C /* Products */,
				E60CD08907BBFA37EBCCA88E /* Pods */,
				24D35044086D5FA966047828 /* Frameworks */,
			);
			sourceTree = "<group>";
		};
		9D39B9A91DD341AA00BC069C /* Products */ = {
			isa = PBXGroup;
			children = (
				9D39B9A81DD341AA00BC069C /* BlackMusicCenter.app */,
			);
			name = Products;
			sourceTree = "<group>";
		};
		9D39B9AA1DD341AA00BC069C /* BlackMusicCenter */ = {
			isa = PBXGroup;
			children = (
				9DBEA6EC1DD73E2F007BF50D /* CustomCell */,
				108093CF1DD48B8A00DF980B /* Views */,
				9D39B9AB1DD341AA00BC069C /* AppDelegate.swift */,
				9D39B9B21DD341AA00BC069C /* Assets.xcassets */,
				9D39B9B41DD341AA00BC069C /* LaunchScreen.storyboard */,
				9D39B9B71DD341AA00BC069C /* Info.plist */,
			);
			path = BlackMusicCenter;
			sourceTree = "<group>";
		};
		9DBEA6EC1DD73E2F007BF50D /* CustomCell */ = {
			isa = PBXGroup;
			children = (
				9DBEA6ED1DD73EAC007BF50D /* BMTableViewCell.swift */,
				9DBEA6EE1DD73EAC007BF50D /* BMTableViewCell.xib */,
			);
			name = CustomCell;
			sourceTree = "<group>";
		};
		E60CD08907BBFA37EBCCA88E /* Pods */ = {
			isa = PBXGroup;
			children = (
				882B0DDEC58A5D9D85C95F2D /* Pods-BlackMusicCenter.debug.xcconfig */,
				8EACF73E13258E9A2911B2B6 /* Pods-BlackMusicCenter.release.xcconfig */,
			);
			name = Pods;
			sourceTree = "<group>";
		};
/* End PBXGroup section */

/* Begin PBXNativeTarget section */
		9D39B9A71DD341AA00BC069C /* BlackMusicCenter */ = {
			isa = PBXNativeTarget;
			buildConfigurationList = 9D39B9BA1DD341AA00BC069C /* Build configuration list for PBXNativeTarget "BlackMusicCenter" */;
			buildPhases = (
				254DBEE886D71A8D69587CAB /* [CP] Check Pods Manifest.lock */,
				9D39B9A41DD341AA00BC069C /* Sources */,
				9D39B9A51DD341AA00BC069C /* Frameworks */,
				9D39B9A61DD341AA00BC069C /* Resources */,
				12C16481202313423942FA93 /* [CP] Embed Pods Frameworks */,
				2EAE55E823B4E37A73297900 /* [CP] Copy Pods Resources */,
			);
			buildRules = (
			);
			dependencies = (
			);
			name = BlackMusicCenter;
			productName = BlackMusicCenter;
			productReference = 9D39B9A81DD341AA00BC069C /* BlackMusicCenter.app */;
			productType = "com.apple.product-type.application";
		};
/* End PBXNativeTarget section */

/* Begin PBXProject section */
		9D39B9A01DD341AA00BC069C /* Project object */ = {
			isa = PBXProject;
			attributes = {
				LastSwiftUpdateCheck = 0810;
				LastUpgradeCheck = 0810;
				ORGANIZATIONNAME = Manouana;
				TargetAttributes = {
					9D39B9A71DD341AA00BC069C = {
						CreatedOnToolsVersion = 8.1;
						ProvisioningStyle = Automatic;
					};
				};
			};
			buildConfigurationList = 9D39B9A31DD341AA00BC069C /* Build configuration list for PBXProject "BlackMusicCenter" */;
			compatibilityVersion = "Xcode 3.2";
			developmentRegion = English;
			hasScannedForEncodings = 0;
			knownRegions = (
				en,
				Base,
			);
			mainGroup = 9D39B99F1DD341AA00BC069C;
			productRefGroup = 9D39B9A91DD341AA00BC069C /* Products */;
			projectDirPath = "";
			projectRoot = "";
			targets = (
				9D39B9A71DD341AA00BC069C /* BlackMusicCenter */,
			);
		};
/* End PBXProject section */

/* Begin PBXResourcesBuildPhase section */
		9D39B9A61DD341AA00BC069C /* Resources */ = {
			isa = PBXResourcesBuildPhase;
			buildActionMask = 2147483647;
			files = (
				9D39B9B61DD341AA00BC069C /* LaunchScreen.storyboard in Resources */,
				9D39B9B31DD341AA00BC069C /* Assets.xcassets in Resources */,
				9DBEA6F01DD73EAC007BF50D /* BMTableViewCell.xib in Resources */,
				108093D31DD48BCD00DF980B /* BMCHomeViewController.xib in Resources */,
			);
			runOnlyForDeploymentPostprocessing = 0;
		};
/* End PBXResourcesBuildPhase section */

/* Begin PBXShellScriptBuildPhase section */
		12C16481202313423942FA93 /* [CP] Embed Pods Frameworks */ = {
			isa = PBXShellScriptBuildPhase;
			buildActionMask = 2147483647;
			files = (
			);
			inputPaths = (
			);
			name = "[CP] Embed Pods Frameworks";
			outputPaths = (
			);
			runOnlyForDeploymentPostprocessing = 0;
			shellPath = /bin/sh;
			shellScript = "\"${SRCROOT}/Pods/Target Support Files/Pods-BlackMusicCenter/Pods-BlackMusicCenter-frameworks.sh\"\n";
			showEnvVarsInLog = 0;
		};
		254DBEE886D71A8D69587CAB /* [CP] Check Pods Manifest.lock */ = {
			isa = PBXShellScriptBuildPhase;
			buildActionMask = 2147483647;
			files = (
			);
			inputPaths = (
			);
			name = "[CP] Check Pods Manifest.lock";
			outputPaths = (
			);
			runOnlyForDeploymentPostprocessing = 0;
			shellPath = /bin/sh;
			shellScript = "diff \"${PODS_ROOT}/../Podfile.lock\" \"${PODS_ROOT}/Manifest.lock\" > /dev/null\nif [ $? != 0 ] ; then\n    # print error to STDERR\n    echo \"error: The sandbox is not in sync with the Podfile.lock. Run 'pod install' or update your CocoaPods installation.\" >&2\n    exit 1\nfi\n";
			showEnvVarsInLog = 0;
		};
		2EAE55E823B4E37A73297900 /* [CP] Copy Pods Resources */ = {
			isa = PBXShellScriptBuildPhase;
			buildActionMask = 2147483647;
			files = (
			);
			inputPaths = (
			);
			name = "[CP] Copy Pods Resources";
			outputPaths = (
			);
			runOnlyForDeploymentPostprocessing = 0;
			shellPath = /bin/sh;
			shellScript = "\"${SRCROOT}/Pods/Target Support Files/Pods-BlackMusicCenter/Pods-BlackMusicCenter-resources.sh\"\n";
			showEnvVarsInLog = 0;
		};
/* End PBXShellScriptBuildPhase section */

/* Begin PBXSourcesBuildPhase section */
		9D39B9A41DD341AA00BC069C /* Sources */ = {
			isa = PBXSourcesBuildPhase;
			buildActionMask = 2147483647;
			files = (
				108093D21DD48BCD00DF980B /* BMCHomeViewController.swift in Sources */,
				108093D51DD48D7C00DF980B /* BMCDefaultViewController.swift in Sources */,
				9DBEA6EF1DD73EAC007BF50D /* BMTableViewCell.swift in Sources */,
				9D39B9AC1DD341AA00BC069C /* AppDelegate.swift in Sources */,
			);
			runOnlyForDeploymentPostprocessing = 0;
		};
/* End PBXSourcesBuildPhase section */

/* Begin PBXVariantGroup section */
		9D39B9B41DD341AA00BC069C /* LaunchScreen.storyboard */ = {
			isa = PBXVariantGroup;
			children = (
				9D39B9B51DD341AA00BC069C /* Base */,
			);
			name = LaunchScreen.storyboard;
			sourceTree = "<group>";
		};
/* End PBXVariantGroup section */

/* Begin XCBuildConfiguration section */
		9D39B9B81DD341AA00BC069C /* Debug */ = {
			isa = XCBuildConfiguration;
			buildSettings = {
				ALWAYS_SEARCH_USER_PATHS = NO;
				CLANG_ANALYZER_NONNULL = YES;
				CLANG_CXX_LANGUAGE_STANDARD = "gnu++0x";
				CLANG_CXX_LIBRARY = "libc++";
				CLANG_ENABLE_MODULES = YES;
				CLANG_ENABLE_OBJC_ARC = YES;
				CLANG_WARN_BOOL_CONVERSION = YES;
				CLANG_WARN_CONSTANT_CONVERSION = YES;
				CLANG_WARN_DIRECT_OBJC_ISA_USAGE = YES_ERROR;
				CLANG_WARN_DOCUMENTATION_COMMENTS = YES;
				CLANG_WARN_EMPTY_BODY = YES;
				CLANG_WARN_ENUM_CONVERSION = YES;
				CLANG_WARN_INFINITE_RECURSION = YES;
				CLANG_WARN_INT_CONVERSION = YES;
				CLANG_WARN_OBJC_ROOT_CLASS = YES_ERROR;
				CLANG_WARN_SUSPICIOUS_MOVES = YES;
				CLANG_WARN_UNREACHABLE_CODE = YES;
				CLANG_WARN__DUPLICATE_METHOD_MATCH = YES;
				"CODE_SIGN_IDENTITY[sdk=iphoneos*]" = "iPhone Developer";
				COPY_PHASE_STRIP = NO;
				DEBUG_INFORMATION_FORMAT = dwarf;
				ENABLE_STRICT_OBJC_MSGSEND = YES;
				ENABLE_TESTABILITY = YES;
				GCC_C_LANGUAGE_STANDARD = gnu99;
				GCC_DYNAMIC_NO_PIC = NO;
				GCC_NO_COMMON_BLOCKS = YES;
				GCC_OPTIMIZATION_LEVEL = 0;
				GCC_PREPROCESSOR_DEFINITIONS = (
					"DEBUG=1",
					"$(inherited)",
				);
				GCC_WARN_64_TO_32_BIT_CONVERSION = YES;
				GCC_WARN_ABOUT_RETURN_TYPE = YES_ERROR;
				GCC_WARN_UNDECLARED_SELECTOR = YES;
				GCC_WARN_UNINITIALIZED_AUTOS = YES_AGGRESSIVE;
				GCC_WARN_UNUSED_FUNCTION = YES;
				GCC_WARN_UNUSED_VARIABLE = YES;
				IPHONEOS_DEPLOYMENT_TARGET = 10.1;
				MTL_ENABLE_DEBUG_INFO = YES;
				ONLY_ACTIVE_ARCH = YES;
				SDKROOT = iphoneos;
				SWIFT_ACTIVE_COMPILATION_CONDITIONS = DEBUG;
				SWIFT_OPTIMIZATION_LEVEL = "-Onone";
				TARGETED_DEVICE_FAMILY = "1,2";
			};
			name = Debug;
		};
		9D39B9B91DD341AA00BC069C /* Release */ = {
			isa = XCBuildConfiguration;
			buildSettings = {
				ALWAYS_SEARCH_USER_PATHS = NO;
				CLANG_ANALYZER_NONNULL = YES;
				CLANG_CXX_LANGUAGE_STANDARD = "gnu++0x";
				CLANG_CXX_LIBRARY = "libc++";
				CLANG_ENABLE_MODULES = YES;
				CLANG_ENABLE_OBJC_ARC = YES;
				CLANG_WARN_BOOL_CONVERSION = YES;
				CLANG_WARN_CONSTANT_CONVERSION = YES;
				CLANG_WARN_DIRECT_OBJC_ISA_USAGE = YES_ERROR;
				CLANG_WARN_DOCUMENTATION_COMMENTS = YES;
				CLANG_WARN_EMPTY_BODY = YES;
				CLANG_WARN_ENUM_CONVERSION = YES;
				CLANG_WARN_INFINITE_RECURSION = YES;
				CLANG_WARN_INT_CONVERSION = YES;
				CLANG_WARN_OBJC_ROOT_CLASS = YES_ERROR;
				CLANG_WARN_SUSPICIOUS_MOVES = YES;
				CLANG_WARN_UNREACHABLE_CODE = YES;
				CLANG_WARN__DUPLICATE_METHOD_MATCH = YES;
				"CODE_SIGN_IDENTITY[sdk=iphoneos*]" = "iPhone Developer";
				COPY_PHASE_STRIP = NO;
				DEBUG_INFORMATION_FORMAT = "dwarf-with-dsym";
				ENABLE_NS_ASSERTIONS = NO;
				ENABLE_STRICT_OBJC_MSGSEND = YES;
				GCC_C_LANGUAGE_STANDARD = gnu99;
				GCC_NO_COMMON_BLOCKS = YES;
				GCC_WARN_64_TO_32_BIT_CONVERSION = YES;
				GCC_WARN_ABOUT_RETURN_TYPE = YES_ERROR;
				GCC_WARN_UNDECLARED_SELECTOR = YES;
				GCC_WARN_UNINITIALIZED_AUTOS = YES_AGGRESSIVE;
				GCC_WARN_UNUSED_FUNCTION = YES;
				GCC_WARN_UNUSED_VARIABLE = YES;
				IPHONEOS_DEPLOYMENT_TARGET = 10.1;
				MTL_ENABLE_DEBUG_INFO = NO;
				SDKROOT = iphoneos;
				SWIFT_OPTIMIZATION_LEVEL = "-Owholemodule";
				TARGETED_DEVICE_FAMILY = "1,2";
				VALIDATE_PRODUCT = YES;
			};
			name = Release;
		};
		9D39B9BB1DD341AA00BC069C /* Debug */ = {
			isa = XCBuildConfiguration;
			baseConfigurationReference = 882B0DDEC58A5D9D85C95F2D /* Pods-BlackMusicCenter.debug.xcconfig */;
			buildSettings = {
				ASSETCATALOG_COMPILER_APPICON_NAME = AppIcon;
				INFOPLIST_FILE = BlackMusicCenter/Info.plist;
				LD_RUNPATH_SEARCH_PATHS = "$(inherited) @executable_path/Frameworks";
				PRODUCT_BUNDLE_IDENTIFIER = christopher.BlackMusicCenter;
				PRODUCT_NAME = "$(TARGET_NAME)";
				SWIFT_VERSION = 3.0;
			};
			name = Debug;
		};
		9D39B9BC1DD341AA00BC069C /* Release */ = {
			isa = XCBuildConfiguration;
			baseConfigurationReference = 8EACF73E13258E9A2911B2B6 /* Pods-BlackMusicCenter.release.xcconfig */;
			buildSettings = {
				ASSETCATALOG_COMPILER_APPICON_NAME = AppIcon;
				INFOPLIST_FILE = BlackMusicCenter/Info.plist;
				LD_RUNPATH_SEARCH_PATHS = "$(inherited) @executable_path/Frameworks";
				PRODUCT_BUNDLE_IDENTIFIER = christopher.BlackMusicCenter;
				PRODUCT_NAME = "$(TARGET_NAME)";
				SWIFT_VERSION = 3.0;
			};
			name = Release;
		};
/* End XCBuildConfiguration section */

/* Begin XCConfigurationList section */
		9D39B9A31DD341AA00BC069C /* Build configuration list for PBXProject "BlackMusicCenter" */ = {
			isa = XCConfigurationList;
			buildConfigurations = (
				9D39B9B81DD341AA00BC069C /* Debug */,
				9D39B9B91DD341AA00BC069C /* Release */,
			);
			defaultConfigurationIsVisible = 0;
			defaultConfigurationName = Release;
		};
		9D39B9BA1DD341AA00BC069C /* Build configuration list for PBXNativeTarget "BlackMusicCenter" */ = {
			isa = XCConfigurationList;
			buildConfigurations = (
				9D39B9BB1DD341AA00BC069C /* Debug */,
				9D39B9BC1DD341AA00BC069C /* Release */,
			);
			defaultConfigurationIsVisible = 0;
			defaultConfigurationName = Release;
		};
/* End XCConfigurationList section */
	};
	rootObject = 9D39B9A01DD341AA00BC069C /* Project object */;
}
